
Microsoft Visual Studio Solution File, Format Version 12.00
# Visual Studio Version 17
VisualStudioVersion = 17.4.33205.214
MinimumVisualStudioVersion = 10.0.40219.1
Project("{9A19103F-16F7-4668-BE54-9A1E7A4F7556}") = "FichaCadastroAPI", "FichaCadastroAPI\FichaCadastroAPI.csproj", "{C9877B81-E66F-4E66-8500-EB820CAD27EC}"
EndProject
Global
	GlobalSection(SolutionConfigurationPlatforms) = preSolution
		Debug|Any CPU = Debug|Any CPU
		Release|Any CPU = Release|Any CPU
	EndGlobalSection
	GlobalSection(ProjectConfigurationPlatforms) = postSolution
		{C9877B81-E66F-4E66-8500-EB820CAD27EC}.Debug|Any CPU.ActiveCfg = Debug|Any CPU
		{C9877B81-E66F-4E66-8500-EB820CAD27EC}.Debug|Any CPU.Build.0 = Debug|Any CPU
		{C9877B81-E66F-4E66-8500-EB820CAD27EC}.Release|Any CPU.ActiveCfg = Release|Any CPU
		{C9877B81-E66F-4E66-8500-EB820CAD27EC}.Release|Any CPU.Build.0 = Release|Any CPU
		{A4096A9D-A4F7-4304-9D95-8A626C48F5A8}.Debug|Any CPU.ActiveCfg = Debug|Any CPU
		{A4096A9D-A4F7-4304-9D95-8A626C48F5A8}.Debug|Any CPU.Build.0 = Debug|Any CPU
		{A4096A9D-A4F7-4304-9D95-8A626C48F5A8}.Release|Any CPU.ActiveCfg = Release|Any CPU
		{A4096A9D-A4F7-4304-9D95-8A626C48F5A8}.Release|Any CPU.Build.0 = Release|Any CPU
		{0979AE4F-0537-442A-BF32-482BA5DBF3F5}.Debug|Any CPU.ActiveCfg = Debug|Any CPU
		{0979AE4F-0537-442A-BF32-482BA5DBF3F5}.Debug|Any CPU.Build.0 = Debug|Any CPU
		{0979AE4F-0537-442A-BF32-482BA5DBF3F5}.Debug|Any CPU.Deploy.0 = Debug|Any CPU
		{0979AE4F-0537-442A-BF32-482BA5DBF3F5}.Release|Any CPU.ActiveCfg = Release|Any CPU
		{0979AE4F-0537-442A-BF32-482BA5DBF3F5}.Release|Any CPU.Build.0 = Release|Any CPU
		{0979AE4F-0537-442A-BF32-482BA5DBF3F5}.Release|Any CPU.Deploy.0 = Release|Any CPU
	EndGlobalSection
	GlobalSection(SolutionProperties) = preSolution
		HideSolutionNode = FALSE
	EndGlobalSection
	GlobalSection(ExtensibilityGlobals) = postSolution
		SolutionGuid = {34BBCA7F-6EE1-4EA5-9C12-AB48E9594227}
	EndGlobalSection
EndGlobal
